
Microsoft Visual Studio Solution File, Format Version 12.00
# Visual Studio Version 16
VisualStudioVersion = 16.0.30011.22
MinimumVisualStudioVersion = 10.0.40219.1
Project("{9A19103F-16F7-4668-BE54-9A1E7A4F7556}") = "borda.api", "borda-api.api\borda.api.csproj", "{3852E96A-77D3-46F2-862F-4453AE3FF32C}"
EndProject
Project("{9A19103F-16F7-4668-BE54-9A1E7A4F7556}") = "borda.Application", "borda-api.Application\borda.Application.csproj", "{A197942E-E954-4C1C-B4A3-FBDB3225265A}"
EndProject
Project("{9A19103F-16F7-4668-BE54-9A1E7A4F7556}") = "borda.Data", "borda-api.Data\borda.Data.csproj", "{A820DAAF-271B-4EDC-A70F-062C195A48BC}"
EndProject
Global
	GlobalSection(SolutionConfigurationPlatforms) = preSolution
		Debug|Any CPU = Debug|Any CPU
		Release|Any CPU = Release|Any CPU
	EndGlobalSection
	GlobalSection(ProjectConfigurationPlatforms) = postSolution
		{3852E96A-77D3-46F2-862F-4453AE3FF32C}.Debug|Any CPU.ActiveCfg = Debug|Any CPU
		{3852E96A-77D3-46F2-862F-4453AE3FF32C}.Debug|Any CPU.Build.0 = Debug|Any CPU
		{3852E96A-77D3-46F2-862F-4453AE3FF32C}.Release|Any CPU.ActiveCfg = Release|Any CPU
		{3852E96A-77D3-46F2-862F-4453AE3FF32C}.Release|Any CPU.Build.0 = Release|Any CPU
		{A197942E-E954-4C1C-B4A3-FBDB3225265A}.Debug|Any CPU.ActiveCfg = Debug|Any CPU
		{A197942E-E954-4C1C-B4A3-FBDB3225265A}.Debug|Any CPU.Build.0 = Debug|Any CPU
		{A197942E-E954-4C1C-B4A3-FBDB3225265A}.Release|Any CPU.ActiveCfg = Release|Any CPU
		{A197942E-E954-4C1C-B4A3-FBDB3225265A}.Release|Any CPU.Build.0 = Release|Any CPU
		{A820DAAF-271B-4EDC-A70F-062C195A48BC}.Debug|Any CPU.ActiveCfg = Debug|Any CPU
		{A820DAAF-271B-4EDC-A70F-062C195A48BC}.Debug|Any CPU.Build.0 = Debug|Any CPU
		{A820DAAF-271B-4EDC-A70F-062C195A48BC}.Release|Any CPU.ActiveCfg = Release|Any CPU
		{A820DAAF-271B-4EDC-A70F-062C195A48BC}.Release|Any CPU.Build.0 = Release|Any CPU
	EndGlobalSection
	GlobalSection(SolutionProperties) = preSolution
		HideSolutionNode = FALSE
	EndGlobalSection
	GlobalSection(ExtensibilityGlobals) = postSolution
		SolutionGuid = {69824363-69EB-47F2-988D-EAA53F7E5C27}
	EndGlobalSection
EndGlobal
